
Microsoft Visual Studio Solution File, Format Version 12.00
# Visual Studio Version 17
VisualStudioVersion = 17.14.36616.10 d17.14
MinimumVisualStudioVersion = 10.0.40219.1
Project("{FAE04EC0-301F-11D3-BF4B-00C04F79EFBC}") = "Chess_Console", "ConsoleApp1\Chess_Console.csproj", "{588C07D8-FCEF-443C-B3F4-F8F1A406AF70}"
EndProject
Global
	GlobalSection(SolutionConfigurationPlatforms) = preSolution
		Debug|Any CPU = Debug|Any CPU
		Release|Any CPU = Release|Any CPU
	EndGlobalSection
	GlobalSection(ProjectConfigurationPlatforms) = postSolution
		{588C07D8-FCEF-443C-B3F4-F8F1A406AF70}.Debug|Any CPU.ActiveCfg = Debug|Any CPU
		{588C07D8-FCEF-443C-B3F4-F8F1A406AF70}.Debug|Any CPU.Build.0 = Debug|Any CPU
		{588C07D8-FCEF-443C-B3F4-F8F1A406AF70}.Release|Any CPU.ActiveCfg = Release|Any CPU
		{588C07D8-FCEF-443C-B3F4-F8F1A406AF70}.Release|Any CPU.Build.0 = Release|Any CPU
	EndGlobalSection
	GlobalSection(SolutionProperties) = preSolution
		HideSolutionNode = FALSE
	EndGlobalSection
	GlobalSection(ExtensibilityGlobals) = postSolution
		SolutionGuid = {301894C8-A65E-4E4F-AD00-A69B9ADFC7CF}
	EndGlobalSection
EndGlobal
